
Microsoft Visual Studio Solution File, Format Version 12.00
# Visual Studio 15
VisualStudioVersion = 15.0.26730.10
MinimumVisualStudioVersion = 10.0.40219.1
Project("{FAE04EC0-301F-11D3-BF4B-00C04F79EFBC}") = "ZetaCatering", "ZetaCatering\ZetaCatering.csproj", "{7BF0AF85-94EE-4B21-A05E-C6D39E566CC9}"
EndProject
Global
	GlobalSection(SolutionConfigurationPlatforms) = preSolution
		Debug|Any CPU = Debug|Any CPU
		Release|Any CPU = Release|Any CPU
	EndGlobalSection
	GlobalSection(ProjectConfigurationPlatforms) = postSolution
		{7BF0AF85-94EE-4B21-A05E-C6D39E566CC9}.Debug|Any CPU.ActiveCfg = Debug|Any CPU
		{7BF0AF85-94EE-4B21-A05E-C6D39E566CC9}.Debug|Any CPU.Build.0 = Debug|Any CPU
		{7BF0AF85-94EE-4B21-A05E-C6D39E566CC9}.Release|Any CPU.ActiveCfg = Release|Any CPU
		{7BF0AF85-94EE-4B21-A05E-C6D39E566CC9}.Release|Any CPU.Build.0 = Release|Any CPU
	EndGlobalSection
	GlobalSection(SolutionProperties) = preSolution
		HideSolutionNode = FALSE
	EndGlobalSection
	GlobalSection(ExtensibilityGlobals) = postSolution
		SolutionGuid = {4A65D82C-783F-4F2D-A688-FCC34419330C}
	EndGlobalSection
EndGlobal
